// !$*UTF8*$!
{
	archiveVersion = 1;
	classes = {
	};
	objectVersion = 56;
	objects = {

/* Begin PBXBuildFile section */
		1D349C2E29C8A55B00516082 /* AppDelegate.swift in Sources */ = {isa = PBXBuildFile; fileRef = 1D349C2D29C8A55B00516082 /* AppDelegate.swift */; };
		1D349C3029C8A55B00516082 /* SceneDelegate.swift in Sources */ = {isa = PBXBuildFile; fileRef = 1D349C2F29C8A55B00516082 /* SceneDelegate.swift */; };
		1D349C3229C8A55B00516082 /* ViewController.swift in Sources */ = {isa = PBXBuildFile; fileRef = 1D349C3129C8A55B00516082 /* ViewController.swift */; };
		1D349C3529C8A55B00516082 /* Main.storyboard in Resources */ = {isa = PBXBuildFile; fileRef = 1D349C3329C8A55B00516082 /* Main.storyboard */; };
		1D349C3729C8A55C00516082 /* Assets.xcassets in Resources */ = {isa = PBXBuildFile; fileRef = 1D349C3629C8A55C00516082 /* Assets.xcassets */; };
		1D349C3A29C8A55C00516082 /* LaunchScreen.storyboard in Resources */ = {isa = PBXBuildFile; fileRef = 1D349C3829C8A55C00516082 /* LaunchScreen.storyboard */; };
		1D349C4529C8A55D00516082 /* FU_SpellingAppTests.swift in Sources */ = {isa = PBXBuildFile; fileRef = 1D349C4429C8A55D00516082 /* FU_SpellingAppTests.swift */; };
		1D349C4F29C8A55D00516082 /* FU_SpellingAppUITests.swift in Sources */ = {isa = PBXBuildFile; fileRef = 1D349C4E29C8A55D00516082 /* FU_SpellingAppUITests.swift */; };
		1D349C5129C8A55D00516082 /* FU_SpellingAppUITestsLaunchTests.swift in Sources */ = {isa = PBXBuildFile; fileRef = 1D349C5029C8A55D00516082 /* FU_SpellingAppUITestsLaunchTests.swift */; };
		1D349C5F29C8A66200516082 /* Word.swift in Sources */ = {isa = PBXBuildFile; fileRef = 1D349C5E29C8A66200516082 /* Word.swift */; };
		1D349C6129C8A66A00516082 /* Deck.swift in Sources */ = {isa = PBXBuildFile; fileRef = 1D349C6029C8A66A00516082 /* Deck.swift */; };
		1D349C6429C8A89600516082 /* GameViewController.swift in Sources */ = {isa = PBXBuildFile; fileRef = 1D349C6329C8A89600516082 /* GameViewController.swift */; };
		1D349C6829C8AA7B00516082 /* ScoreBoardVC.swift in Sources */ = {isa = PBXBuildFile; fileRef = 1D349C6729C8AA7B00516082 /* ScoreBoardVC.swift */; };
		1D349C6A29C8AEBB00516082 /* Player.swift in Sources */ = {isa = PBXBuildFile; fileRef = 1D349C6929C8AEBB00516082 /* Player.swift */; };
		1D356D3629CC484000F3C22C /* Players.swift in Sources */ = {isa = PBXBuildFile; fileRef = 1D356D3529CC484000F3C22C /* Players.swift */; };
		1D356D3E29D5ADC700F3C22C /* GameOverViewController.swift in Sources */ = {isa = PBXBuildFile; fileRef = 1D356D3D29D5ADC700F3C22C /* GameOverViewController.swift */; };
/* End PBXBuildFile section */

/* Begin PBXContainerItemProxy section */
		1D349C4129C8A55D00516082 /* PBXContainerItemProxy */ = {
			isa = PBXContainerItemProxy;
			containerPortal = 1D349C2229C8A55B00516082 /* Project object */;
			proxyType = 1;
			remoteGlobalIDString = 1D349C2929C8A55B00516082;
			remoteInfo = "FU-SpellingApp";
		};
		1D349C4B29C8A55D00516082 /* PBXContainerItemProxy */ = {
			isa = PBXContainerItemProxy;
			containerPortal = 1D349C2229C8A55B00516082 /* Project object */;
			proxyType = 1;
			remoteGlobalIDString = 1D349C2929C8A55B00516082;
			remoteInfo = "FU-SpellingApp";
		};
/* End PBXContainerItemProxy section */

/* Begin PBXFileReference section */
		1D349C2A29C8A55B00516082 /* FU-SpellingApp.app */ = {isa = PBXFileReference; explicitFileType = wrapper.application; includeInIndex = 0; path = "FU-SpellingApp.app"; sourceTree = BUILT_PRODUCTS_DIR; };
		1D349C2D29C8A55B00516082 /* AppDelegate.swift */ = {isa = PBXFileReference; lastKnownFileType = sourcecode.swift; path = AppDelegate.swift; sourceTree = "<group>"; };
		1D349C2F29C8A55B00516082 /* SceneDelegate.swift */ = {isa = PBXFileReference; lastKnownFileType = sourcecode.swift; path = SceneDelegate.swift; sourceTree = "<group>"; };
		1D349C3129C8A55B00516082 /* ViewController.swift */ = {isa = PBXFileReference; lastKnownFileType = sourcecode.swift; path = ViewController.swift; sourceTree = "<group>"; };
		1D349C3429C8A55B00516082 /* Base */ = {isa = PBXFileReference; lastKnownFileType = file.storyboard; name = Base; path = Base.lproj/Main.storyboard; sourceTree = "<group>"; };
		1D349C3629C8A55C00516082 /* Assets.xcassets */ = {isa = PBXFileReference; lastKnownFileType = folder.assetcatalog; path = Assets.xcassets; sourceTree = "<group>"; };
		1D349C3929C8A55C00516082 /* Base */ = {isa = PBXFileReference; lastKnownFileType = file.storyboard; name = Base; path = Base.lproj/LaunchScreen.storyboard; sourceTree = "<group>"; };
		1D349C3B29C8A55C00516082 /* Info.plist */ = {isa = PBXFileReference; lastKnownFileType = text.plist.xml; path = Info.plist; sourceTree = "<group>"; };
		1D349C4029C8A55D00516082 /* FU-SpellingAppTests.xctest */ = {isa = PBXFileReference; explicitFileType = wrapper.cfbundle; includeInIndex = 0; path = "FU-SpellingAppTests.xctest"; sourceTree = BUILT_PRODUCTS_DIR; };
		1D349C4429C8A55D00516082 /* FU_SpellingAppTests.swift */ = {isa = PBXFileReference; lastKnownFileType = sourcecode.swift; path = FU_SpellingAppTests.swift; sourceTree = "<group>"; };
		1D349C4A29C8A55D00516082 /* FU-SpellingAppUITests.xctest */ = {isa = PBXFileReference; explicitFileType = wrapper.cfbundle; includeInIndex = 0; path = "FU-SpellingAppUITests.xctest"; sourceTree = BUILT_PRODUCTS_DIR; };
		1D349C4E29C8A55D00516082 /* FU_SpellingAppUITests.swift */ = {isa = PBXFileReference; lastKnownFileType = sourcecode.swift; path = FU_SpellingAppUITests.swift; sourceTree = "<group>"; };
		1D349C5029C8A55D00516082 /* FU_SpellingAppUITestsLaunchTests.swift */ = {isa = PBXFileReference; lastKnownFileType = sourcecode.swift; path = FU_SpellingAppUITestsLaunchTests.swift; sourceTree = "<group>"; };
		1D349C5E29C8A66200516082 /* Word.swift */ = {isa = PBXFileReference; lastKnownFileType = sourcecode.swift; path = Word.swift; sourceTree = "<group>"; };
		1D349C6029C8A66A00516082 /* Deck.swift */ = {isa = PBXFileReference; lastKnownFileType = sourcecode.swift; path = Deck.swift; sourceTree = "<group>"; };
		1D349C6329C8A89600516082 /* GameViewController.swift */ = {isa = PBXFileReference; lastKnownFileType = sourcecode.swift; path = GameViewController.swift; sourceTree = "<group>"; };
		1D349C6729C8AA7B00516082 /* ScoreBoardVC.swift */ = {isa = PBXFileReference; lastKnownFileType = sourcecode.swift; path = ScoreBoardVC.swift; sourceTree = "<group>"; };
		1D349C6929C8AEBB00516082 /* Player.swift */ = {isa = PBXFileReference; lastKnownFileType = sourcecode.swift; path = Player.swift; sourceTree = "<group>"; };
		1D356D3529CC484000F3C22C /* Players.swift */ = {isa = PBXFileReference; lastKnownFileType = sourcecode.swift; path = Players.swift; sourceTree = "<group>"; };
		1D356D3D29D5ADC700F3C22C /* GameOverViewController.swift */ = {isa = PBXFileReference; lastKnownFileType = sourcecode.swift; path = GameOverViewController.swift; sourceTree = "<group>"; };
/* End PBXFileReference section */

/* Begin PBXFrameworksBuildPhase section */
		1D349C2729C8A55B00516082 /* Frameworks */ = {
			isa = PBXFrameworksBuildPhase;
			buildActionMask = 2147483647;
			files = (
			);
			runOnlyForDeploymentPostprocessing = 0;
		};
		1D349C3D29C8A55D00516082 /* Frameworks */ = {
			isa = PBXFrameworksBuildPhase;
			buildActionMask = 2147483647;
			files = (
			);
			runOnlyForDeploymentPostprocessing = 0;
		};
		1D349C4729C8A55D00516082 /* Frameworks */ = {
			isa = PBXFrameworksBuildPhase;
			buildActionMask = 2147483647;
			files = (
			);
			runOnlyForDeploymentPostprocessing = 0;
		};
/* End PBXFrameworksBuildPhase section */

/* Begin PBXGroup section */
		1D349C2129C8A55B00516082 = {
			isa = PBXGroup;
			children = (
				1D349C2C29C8A55B00516082 /* FU-SpellingApp */,
				1D349C4329C8A55D00516082 /* FU-SpellingAppTests */,
				1D349C4D29C8A55D00516082 /* FU-SpellingAppUITests */,
				1D349C2B29C8A55B00516082 /* Products */,
			);
			sourceTree = "<group>";
		};
		1D349C2B29C8A55B00516082 /* Products */ = {
			isa = PBXGroup;
			children = (
				1D349C2A29C8A55B00516082 /* FU-SpellingApp.app */,
				1D349C4029C8A55D00516082 /* FU-SpellingAppTests.xctest */,
				1D349C4A29C8A55D00516082 /* FU-SpellingAppUITests.xctest */,
			);
			name = Products;
			sourceTree = "<group>";
		};
		1D349C2C29C8A55B00516082 /* FU-SpellingApp */ = {
			isa = PBXGroup;
			children = (
				1D349C6229C8A87D00516082 /* ViewController */,
				1D349C5D29C8A65300516082 /* Model */,
				1D349C2D29C8A55B00516082 /* AppDelegate.swift */,
				1D349C2F29C8A55B00516082 /* SceneDelegate.swift */,
				1D349C3329C8A55B00516082 /* Main.storyboard */,
				1D349C3629C8A55C00516082 /* Assets.xcassets */,
				1D349C3829C8A55C00516082 /* LaunchScreen.storyboard */,
				1D349C3B29C8A55C00516082 /* Info.plist */,
			);
			path = "FU-SpellingApp";
			sourceTree = "<group>";
		};
		1D349C4329C8A55D00516082 /* FU-SpellingAppTests */ = {
			isa = PBXGroup;
			children = (
				1D349C4429C8A55D00516082 /* FU_SpellingAppTests.swift */,
			);
			path = "FU-SpellingAppTests";
			sourceTree = "<group>";
		};
		1D349C4D29C8A55D00516082 /* FU-SpellingAppUITests */ = {
			isa = PBXGroup;
			children = (
				1D349C4E29C8A55D00516082 /* FU_SpellingAppUITests.swift */,
				1D349C5029C8A55D00516082 /* FU_SpellingAppUITestsLaunchTests.swift */,
			);
			path = "FU-SpellingAppUITests";
			sourceTree = "<group>";
		};
		1D349C5D29C8A65300516082 /* Model */ = {
			isa = PBXGroup;
			children = (
				1D349C5E29C8A66200516082 /* Word.swift */,
				1D349C6029C8A66A00516082 /* Deck.swift */,
				1D349C6929C8AEBB00516082 /* Player.swift */,
				1D356D3529CC484000F3C22C /* Players.swift */,
			);
			path = Model;
			sourceTree = "<group>";
		};
		1D349C6229C8A87D00516082 /* ViewController */ = {
			isa = PBXGroup;
			children = (
				1D349C3129C8A55B00516082 /* ViewController.swift */,
				1D349C6329C8A89600516082 /* GameViewController.swift */,
				1D349C6729C8AA7B00516082 /* ScoreBoardVC.swift */,
				1D356D3D29D5ADC700F3C22C /* GameOverViewController.swift */,
			);
			path = ViewController;
			sourceTree = "<group>";
		};
/* End PBXGroup section */

/* Begin PBXNativeTarget section */
		1D349C2929C8A55B00516082 /* FU-SpellingApp */ = {
			isa = PBXNativeTarget;
			buildConfigurationList = 1D349C5429C8A55D00516082 /* Build configuration list for PBXNativeTarget "FU-SpellingApp" */;
			buildPhases = (
				1D349C2629C8A55B00516082 /* Sources */,
				1D349C2729C8A55B00516082 /* Frameworks */,
				1D349C2829C8A55B00516082 /* Resources */,
			);
			buildRules = (
			);
			dependencies = (
			);
			name = "FU-SpellingApp";
			productName = "FU-SpellingApp";
			productReference = 1D349C2A29C8A55B00516082 /* FU-SpellingApp.app */;
			productType = "com.apple.product-type.application";
		};
		1D349C3F29C8A55D00516082 /* FU-SpellingAppTests */ = {
			isa = PBXNativeTarget;
			buildConfigurationList = 1D349C5729C8A55D00516082 /* Build configuration list for PBXNativeTarget "FU-SpellingAppTests" */;
			buildPhases = (
				1D349C3C29C8A55D00516082 /* Sources */,
				1D349C3D29C8A55D00516082 /* Frameworks */,
				1D349C3E29C8A55D00516082 /* Resources */,
			);
			buildRules = (
			);
			dependencies = (
				1D349C4229C8A55D00516082 /* PBXTargetDependency */,
			);
			name = "FU-SpellingAppTests";
			productName = "FU-SpellingAppTests";
			productReference = 1D349C4029C8A55D00516082 /* FU-SpellingAppTests.xctest */;
			productType = "com.apple.product-type.bundle.unit-test";
		};
		1D349C4929C8A55D00516082 /* FU-SpellingAppUITests */ = {
			isa = PBXNativeTarget;
			buildConfigurationList = 1D349C5A29C8A55D00516082 /* Build configuration list for PBXNativeTarget "FU-SpellingAppUITests" */;
			buildPhases = (
				1D349C4629C8A55D00516082 /* Sources */,
				1D349C4729C8A55D00516082 /* Frameworks */,
				1D349C4829C8A55D00516082 /* Resources */,
			);
			buildRules = (
			);
			dependencies = (
				1D349C4C29C8A55D00516082 /* PBXTargetDependency */,
			);
			name = "FU-SpellingAppUITests";
			productName = "FU-SpellingAppUITests";
			productReference = 1D349C4A29C8A55D00516082 /* FU-SpellingAppUITests.xctest */;
			productType = "com.apple.product-type.bundle.ui-testing";
		};
/* End PBXNativeTarget section */

/* Begin PBXProject section */
		1D349C2229C8A55B00516082 /* Project object */ = {
			isa = PBXProject;
			attributes = {
				BuildIndependentTargetsInParallel = 1;
				LastSwiftUpdateCheck = 1420;
				LastUpgradeCheck = 1420;
				TargetAttributes = {
					1D349C2929C8A55B00516082 = {
						CreatedOnToolsVersion = 14.2;
					};
					1D349C3F29C8A55D00516082 = {
						CreatedOnToolsVersion = 14.2;
						TestTargetID = 1D349C2929C8A55B00516082;
					};
					1D349C4929C8A55D00516082 = {
						CreatedOnToolsVersion = 14.2;
						TestTargetID = 1D349C2929C8A55B00516082;
					};
				};
			};
			buildConfigurationList = 1D349C2529C8A55B00516082 /* Build configuration list for PBXProject "FU-SpellingApp" */;
			compatibilityVersion = "Xcode 14.0";
			developmentRegion = en;
			hasScannedForEncodings = 0;
			knownRegions = (
				en,
				Base,
			);
			mainGroup = 1D349C2129C8A55B00516082;
			productRefGroup = 1D349C2B29C8A55B00516082 /* Products */;
			projectDirPath = "";
			projectRoot = "";
			targets = (
				1D349C2929C8A55B00516082 /* FU-SpellingApp */,
				1D349C3F29C8A55D00516082 /* FU-SpellingAppTests */,
				1D349C4929C8A55D00516082 /* FU-SpellingAppUITests */,
			);
		};
/* End PBXProject section */

/* Begin PBXResourcesBuildPhase section */
		1D349C2829C8A55B00516082 /* Resources */ = {
			isa = PBXResourcesBuildPhase;
			buildActionMask = 2147483647;
			files = (
				1D349C3A29C8A55C00516082 /* LaunchScreen.storyboard in Resources */,
				1D349C3729C8A55C00516082 /* Assets.xcassets in Resources */,
				1D349C3529C8A55B00516082 /* Main.storyboard in Resources */,
			);
			runOnlyForDeploymentPostprocessing = 0;
		};
		1D349C3E29C8A55D00516082 /* Resources */ = {
			isa = PBXResourcesBuildPhase;
			buildActionMask = 2147483647;
			files = (
			);
			runOnlyForDeploymentPostprocessing = 0;
		};
		1D349C4829C8A55D00516082 /* Resources */ = {
			isa = PBXResourcesBuildPhase;
			buildActionMask = 2147483647;
			files = (
			);
			runOnlyForDeploymentPostprocessing = 0;
		};
/* End PBXResourcesBuildPhase section */

/* Begin PBXSourcesBuildPhase section */
		1D349C2629C8A55B00516082 /* Sources */ = {
			isa = PBXSourcesBuildPhase;
			buildActionMask = 2147483647;
			files = (
				1D356D3629CC484000F3C22C /* Players.swift in Sources */,
				1D349C3229C8A55B00516082 /* ViewController.swift in Sources */,
				1D349C5F29C8A66200516082 /* Word.swift in Sources */,
				1D349C6129C8A66A00516082 /* Deck.swift in Sources */,
				1D356D3E29D5ADC700F3C22C /* GameOverViewController.swift in Sources */,
				1D349C2E29C8A55B00516082 /* AppDelegate.swift in Sources */,
				1D349C6A29C8AEBB00516082 /* Player.swift in Sources */,
				1D349C6829C8AA7B00516082 /* ScoreBoardVC.swift in Sources */,
				1D349C6429C8A89600516082 /* GameViewController.swift in Sources */,
				1D349C3029C8A55B00516082 /* SceneDelegate.swift in Sources */,
			);
			runOnlyForDeploymentPostprocessing = 0;
		};
		1D349C3C29C8A55D00516082 /* Sources */ = {
			isa = PBXSourcesBuildPhase;
			buildActionMask = 2147483647;
			files = (
				1D349C4529C8A55D00516082 /* FU_SpellingAppTests.swift in Sources */,
			);
			runOnlyForDeploymentPostprocessing = 0;
		};
		1D349C4629C8A55D00516082 /* Sources */ = {
			isa = PBXSourcesBuildPhase;
			buildActionMask = 2147483647;
			files = (
				1D349C4F29C8A55D00516082 /* FU_SpellingAppUITests.swift in Sources */,
				1D349C5129C8A55D00516082 /* FU_SpellingAppUITestsLaunchTests.swift in Sources */,
			);
			runOnlyForDeploymentPostprocessing = 0;
		};
/* End PBXSourcesBuildPhase section */

/* Begin PBXTargetDependency section */
		1D349C4229C8A55D00516082 /* PBXTargetDependency */ = {
			isa = PBXTargetDependency;
			target = 1D349C2929C8A55B00516082 /* FU-SpellingApp */;
			targetProxy = 1D349C4129C8A55D00516082 /* PBXContainerItemProxy */;
		};
		1D349C4C29C8A55D00516082 /* PBXTargetDependency */ = {
			isa = PBXTargetDependency;
			target = 1D349C2929C8A55B00516082 /* FU-SpellingApp */;
			targetProxy = 1D349C4B29C8A55D00516082 /* PBXContainerItemProxy */;
		};
/* End PBXTargetDependency section */

/* Begin PBXVariantGroup section */
		1D349C3329C8A55B00516082 /* Main.storyboard */ = {
			isa = PBXVariantGroup;
			children = (
				1D349C3429C8A55B00516082 /* Base */,
			);
			name = Main.storyboard;
			sourceTree = "<group>";
		};
		1D349C3829C8A55C00516082 /* LaunchScreen.storyboard */ = {
			isa = PBXVariantGroup;
			children = (
				1D349C3929C8A55C00516082 /* Base */,
			);
			name = LaunchScreen.storyboard;
			sourceTree = "<group>";
		};
/* End PBXVariantGroup section */

/* Begin XCBuildConfiguration section */
		1D349C5229C8A55D00516082 /* Debug */ = {
			isa = XCBuildConfiguration;
			buildSettings = {
				ALWAYS_SEARCH_USER_PATHS = NO;
				CLANG_ANALYZER_NONNULL = YES;
				CLANG_ANALYZER_NUMBER_OBJECT_CONVERSION = YES_AGGRESSIVE;
				CLANG_CXX_LANGUAGE_STANDARD = "gnu++20";
				CLANG_ENABLE_MODULES = YES;
				CLANG_ENABLE_OBJC_ARC = YES;
				CLANG_ENABLE_OBJC_WEAK = YES;
				CLANG_WARN_BLOCK_CAPTURE_AUTORELEASING = YES;
				CLANG_WARN_BOOL_CONVERSION = YES;
				CLANG_WARN_COMMA = YES;
				CLANG_WARN_CONSTANT_CONVERSION = YES;
				CLANG_WARN_DEPRECATED_OBJC_IMPLEMENTATIONS = YES;
				CLANG_WARN_DIRECT_OBJC_ISA_USAGE = YES_ERROR;
				CLANG_WARN_DOCUMENTATION_COMMENTS = YES;
				CLANG_WARN_EMPTY_BODY = YES;
				CLANG_WARN_ENUM_CONVERSION = YES;
				CLANG_WARN_INFINITE_RECURSION = YES;
				CLANG_WARN_INT_CONVERSION = YES;
				CLANG_WARN_NON_LITERAL_NULL_CONVERSION = YES;
				CLANG_WARN_OBJC_IMPLICIT_RETAIN_SELF = YES;
				CLANG_WARN_OBJC_LITERAL_CONVERSION = YES;
				CLANG_WARN_OBJC_ROOT_CLASS = YES_ERROR;
				CLANG_WARN_QUOTED_INCLUDE_IN_FRAMEWORK_HEADER = YES;
				CLANG_WARN_RANGE_LOOP_ANALYSIS = YES;
				CLANG_WARN_STRICT_PROTOTYPES = YES;
				CLANG_WARN_SUSPICIOUS_MOVE = YES;
				CLANG_WARN_UNGUARDED_AVAILABILITY = YES_AGGRESSIVE;
				CLANG_WARN_UNREACHABLE_CODE = YES;
				CLANG_WARN__DUPLICATE_METHOD_MATCH = YES;
				COPY_PHASE_STRIP = NO;
				DEBUG_INFORMATION_FORMAT = dwarf;
				ENABLE_STRICT_OBJC_MSGSEND = YES;
				ENABLE_TESTABILITY = YES;
				GCC_C_LANGUAGE_STANDARD = gnu11;
				GCC_DYNAMIC_NO_PIC = NO;
				GCC_NO_COMMON_BLOCKS = YES;
				GCC_OPTIMIZATION_LEVEL = 0;
				GCC_PREPROCESSOR_DEFINITIONS = (
					"DEBUG=1",
					"$(inherited)",
				);
				GCC_WARN_64_TO_32_BIT_CONVERSION = YES;
				GCC_WARN_ABOUT_RETURN_TYPE = YES_ERROR;
				GCC_WARN_UNDECLARED_SELECTOR = YES;
				GCC_WARN_UNINITIALIZED_AUTOS = YES_AGGRESSIVE;
				GCC_WARN_UNUSED_FUNCTION = YES;
				GCC_WARN_UNUSED_VARIABLE = YES;
				IPHONEOS_DEPLOYMENT_TARGET = 16.2;
				MTL_ENABLE_DEBUG_INFO = INCLUDE_SOURCE;
				MTL_FAST_MATH = YES;
				ONLY_ACTIVE_ARCH = YES;
				SDKROOT = iphoneos;
				SWIFT_ACTIVE_COMPILATION_CONDITIONS = DEBUG;
				SWIFT_OPTIMIZATION_LEVEL = "-Onone";
			};
			name = Debug;
		};
		1D349C5329C8A55D00516082 /* Release */ = {
			isa = XCBuildConfiguration;
			buildSettings = {
				ALWAYS_SEARCH_USER_PATHS = NO;
				CLANG_ANALYZER_NONNULL = YES;
				CLANG_ANALYZER_NUMBER_OBJECT_CONVERSION = YES_AGGRESSIVE;
				CLANG_CXX_LANGUAGE_STANDARD = "gnu++20";
				CLANG_ENABLE_MODULES = YES;
				CLANG_ENABLE_OBJC_ARC = YES;
				CLANG_ENABLE_OBJC_WEAK = YES;
				CLANG_WARN_BLOCK_CAPTURE_AUTORELEASING = YES;
				CLANG_WARN_BOOL_CONVERSION = YES;
				CLANG_WARN_COMMA = YES;
				CLANG_WARN_CONSTANT_CONVERSION = YES;
				CLANG_WARN_DEPRECATED_OBJC_IMPLEMENTATIONS = YES;
				CLANG_WARN_DIRECT_OBJC_ISA_USAGE = YES_ERROR;
				CLANG_WARN_DOCUMENTATION_COMMENTS = YES;
				CLANG_WARN_EMPTY_BODY = YES;
				CLANG_WARN_ENUM_CONVERSION = YES;
				CLANG_WARN_INFINITE_RECURSION = YES;
				CLANG_WARN_INT_CONVERSION = YES;
				CLANG_WARN_NON_LITERAL_NULL_CONVERSION = YES;
				CLANG_WARN_OBJC_IMPLICIT_RETAIN_SELF = YES;
				CLANG_WARN_OBJC_LITERAL_CONVERSION = YES;
				CLANG_WARN_OBJC_ROOT_CLASS = YES_ERROR;
				CLANG_WARN_QUOTED_INCLUDE_IN_FRAMEWORK_HEADER = YES;
				CLANG_WARN_RANGE_LOOP_ANALYSIS = YES;
				CLANG_WARN_STRICT_PROTOTYPES = YES;
				CLANG_WARN_SUSPICIOUS_MOVE = YES;
				CLANG_WARN_UNGUARDED_AVAILABILITY = YES_AGGRESSIVE;
				CLANG_WARN_UNREACHABLE_CODE = YES;
				CLANG_WARN__DUPLICATE_METHOD_MATCH = YES;
				COPY_PHASE_STRIP = NO;
				DEBUG_INFORMATION_FORMAT = "dwarf-with-dsym";
				ENABLE_NS_ASSERTIONS = NO;
				ENABLE_STRICT_OBJC_MSGSEND = YES;
				GCC_C_LANGUAGE_STANDARD = gnu11;
				GCC_NO_COMMON_BLOCKS = YES;
				GCC_WARN_64_TO_32_BIT_CONVERSION = YES;
				GCC_WARN_ABOUT_RETURN_TYPE = YES_ERROR;
				GCC_WARN_UNDECLARED_SELECTOR = YES;
				GCC_WARN_UNINITIALIZED_AUTOS = YES_AGGRESSIVE;
				GCC_WARN_UNUSED_FUNCTION = YES;
				GCC_WARN_UNUSED_VARIABLE = YES;
				IPHONEOS_DEPLOYMENT_TARGET = 16.2;
				MTL_ENABLE_DEBUG_INFO = NO;
				MTL_FAST_MATH = YES;
				SDKROOT = iphoneos;
				SWIFT_COMPILATION_MODE = wholemodule;
				SWIFT_OPTIMIZATION_LEVEL = "-O";
				VALIDATE_PRODUCT = YES;
			};
			name = Release;
		};
		1D349C5529C8A55D00516082 /* Debug */ = {
			isa = XCBuildConfiguration;
			buildSettings = {
				ASSETCATALOG_COMPILER_APPICON_NAME = AppIcon;
				ASSETCATALOG_COMPILER_GLOBAL_ACCENT_COLOR_NAME = AccentColor;
				CODE_SIGN_STYLE = Automatic;
				CURRENT_PROJECT_VERSION = 1;
				GENERATE_INFOPLIST_FILE = YES;
				INFOPLIST_FILE = "FU-SpellingApp/Info.plist";
				INFOPLIST_KEY_UIApplicationSupportsIndirectInputEvents = YES;
				INFOPLIST_KEY_UILaunchStoryboardName = LaunchScreen;
				INFOPLIST_KEY_UIMainStoryboardFile = Main;
				INFOPLIST_KEY_UISupportedInterfaceOrientations_iPad = "UIInterfaceOrientationPortrait UIInterfaceOrientationPortraitUpsideDown UIInterfaceOrientationLandscapeLeft UIInterfaceOrientationLandscapeRight";
				INFOPLIST_KEY_UISupportedInterfaceOrientations_iPhone = "UIInterfaceOrientationPortrait UIInterfaceOrientationLandscapeLeft UIInterfaceOrientationLandscapeRight";
				LD_RUNPATH_SEARCH_PATHS = (
					"$(inherited)",
					"@executable_path/Frameworks",
				);
				MARKETING_VERSION = 1.0;
				PRODUCT_BUNDLE_IDENTIFIER = "com.example.FU-SpellingApp";
				PRODUCT_NAME = "$(TARGET_NAME)";
				SWIFT_EMIT_LOC_STRINGS = YES;
				SWIFT_VERSION = 5.0;
				TARGETED_DEVICE_FAMILY = "1,2";
			};
			name = Debug;
		};
		1D349C5629C8A55D00516082 /* Release */ = {
			isa = XCBuildConfiguration;
			buildSettings = {
				ASSETCATALOG_COMPILER_APPICON_NAME = AppIcon;
				ASSETCATALOG_COMPILER_GLOBAL_ACCENT_COLOR_NAME = AccentColor;
				CODE_SIGN_STYLE = Automatic;
				CURRENT_PROJECT_VERSION = 1;
				GENERATE_INFOPLIST_FILE = YES;
				INFOPLIST_FILE = "FU-SpellingApp/Info.plist";
				INFOPLIST_KEY_UIApplicationSupportsIndirectInputEvents = YES;
				INFOPLIST_KEY_UILaunchStoryboardName = LaunchScreen;
				INFOPLIST_KEY_UIMainStoryboardFile = Main;
				INFOPLIST_KEY_UISupportedInterfaceOrientations_iPad = "UIInterfaceOrientationPortrait UIInterfaceOrientationPortraitUpsideDown UIInterfaceOrientationLandscapeLeft UIInterfaceOrientationLandscapeRight";
				INFOPLIST_KEY_UISupportedInterfaceOrientations_iPhone = "UIInterfaceOrientationPortrait UIInterfaceOrientationLandscapeLeft UIInterfaceOrientationLandscapeRight";
				LD_RUNPATH_SEARCH_PATHS = (
					"$(inherited)",
					"@executable_path/Frameworks",
				);
				MARKETING_VERSION = 1.0;
				PRODUCT_BUNDLE_IDENTIFIER = "com.example.FU-SpellingApp";
				PRODUCT_NAME = "$(TARGET_NAME)";
				SWIFT_EMIT_LOC_STRINGS = YES;
				SWIFT_VERSION = 5.0;
				TARGETED_DEVICE_FAMILY = "1,2";
			};
			name = Release;
		};
		1D349C5829C8A55D00516082 /* Debug */ = {
			isa = XCBuildConfiguration;
			buildSettings = {
				ALWAYS_EMBED_SWIFT_STANDARD_LIBRARIES = YES;
				BUNDLE_LOADER = "$(TEST_HOST)";
				CODE_SIGN_STYLE = Automatic;
				CURRENT_PROJECT_VERSION = 1;
				GENERATE_INFOPLIST_FILE = YES;
				IPHONEOS_DEPLOYMENT_TARGET = 16.2;
				MARKETING_VERSION = 1.0;
				PRODUCT_BUNDLE_IDENTIFIER = "com.example.FU-SpellingAppTests";
				PRODUCT_NAME = "$(TARGET_NAME)";
				SWIFT_EMIT_LOC_STRINGS = NO;
				SWIFT_VERSION = 5.0;
				TARGETED_DEVICE_FAMILY = "1,2";
				TEST_HOST = "$(BUILT_PRODUCTS_DIR)/FU-SpellingApp.app/$(BUNDLE_EXECUTABLE_FOLDER_PATH)/FU-SpellingApp";
			};
			name = Debug;
		};
		1D349C5929C8A55D00516082 /* Release */ = {
			isa = XCBuildConfiguration;
			buildSettings = {
				ALWAYS_EMBED_SWIFT_STANDARD_LIBRARIES = YES;
				BUNDLE_LOADER = "$(TEST_HOST)";
				CODE_SIGN_STYLE = Automatic;
				CURRENT_PROJECT_VERSION = 1;
				GENERATE_INFOPLIST_FILE = YES;
				IPHONEOS_DEPLOYMENT_TARGET = 16.2;
				MARKETING_VERSION = 1.0;
				PRODUCT_BUNDLE_IDENTIFIER = "com.example.FU-SpellingAppTests";
				PRODUCT_NAME = "$(TARGET_NAME)";
				SWIFT_EMIT_LOC_STRINGS = NO;
				SWIFT_VERSION = 5.0;
				TARGETED_DEVICE_FAMILY = "1,2";
				TEST_HOST = "$(BUILT_PRODUCTS_DIR)/FU-SpellingApp.app/$(BUNDLE_EXECUTABLE_FOLDER_PATH)/FU-SpellingApp";
			};
			name = Release;
		};
		1D349C5B29C8A55D00516082 /* Debug */ = {
			isa = XCBuildConfiguration;
			buildSettings = {
				ALWAYS_EMBED_SWIFT_STANDARD_LIBRARIES = YES;
				CODE_SIGN_STYLE = Automatic;
				CURRENT_PROJECT_VERSION = 1;
				GENERATE_INFOPLIST_FILE = YES;
				MARKETING_VERSION = 1.0;
				PRODUCT_BUNDLE_IDENTIFIER = "com.example.FU-SpellingAppUITests";
				PRODUCT_NAME = "$(TARGET_NAME)";
				SWIFT_EMIT_LOC_STRINGS = NO;
				SWIFT_VERSION = 5.0;
				TARGETED_DEVICE_FAMILY = "1,2";
				TEST_TARGET_NAME = "FU-SpellingApp";
			};
			name = Debug;
		};
		1D349C5C29C8A55D00516082 /* Release */ = {
			isa = XCBuildConfiguration;
			buildSettings = {
				ALWAYS_EMBED_SWIFT_STANDARD_LIBRARIES = YES;
				CODE_SIGN_STYLE = Automatic;
				CURRENT_PROJECT_VERSION = 1;
				GENERATE_INFOPLIST_FILE = YES;
				MARKETING_VERSION = 1.0;
				PRODUCT_BUNDLE_IDENTIFIER = "com.example.FU-SpellingAppUITests";
				PRODUCT_NAME = "$(TARGET_NAME)";
				SWIFT_EMIT_LOC_STRINGS = NO;
				SWIFT_VERSION = 5.0;
				TARGETED_DEVICE_FAMILY = "1,2";
				TEST_TARGET_NAME = "FU-SpellingApp";
			};
			name = Release;
		};
/* End XCBuildConfiguration section */

/* Begin XCConfigurationList section */
		1D349C2529C8A55B00516082 /* Build configuration list for PBXProject "FU-SpellingApp" */ = {
			isa = XCConfigurationList;
			buildConfigurations = (
				1D349C5229C8A55D00516082 /* Debug */,
				1D349C5329C8A55D00516082 /* Release */,
			);
			defaultConfigurationIsVisible = 0;
			defaultConfigurationName = Release;
		};
		1D349C5429C8A55D00516082 /* Build configuration list for PBXNativeTarget "FU-SpellingApp" */ = {
			isa = XCConfigurationList;
			buildConfigurations = (
				1D349C5529C8A55D00516082 /* Debug */,
				1D349C5629C8A55D00516082 /* Release */,
			);
			defaultConfigurationIsVisible = 0;
			defaultConfigurationName = Release;
		};
		1D349C5729C8A55D00516082 /* Build configuration list for PBXNativeTarget "FU-SpellingAppTests" */ = {
			isa = XCConfigurationList;
			buildConfigurations = (
				1D349C5829C8A55D00516082 /* Debug */,
				1D349C5929C8A55D00516082 /* Release */,
			);
			defaultConfigurationIsVisible = 0;
			defaultConfigurationName = Release;
		};
		1D349C5A29C8A55D00516082 /* Build configuration list for PBXNativeTarget "FU-SpellingAppUITests" */ = {
			isa = XCConfigurationList;
			buildConfigurations = (
				1D349C5B29C8A55D00516082 /* Debug */,
				1D349C5C29C8A55D00516082 /* Release */,
			);
			defaultConfigurationIsVisible = 0;
			defaultConfigurationName = Release;
		};
/* End XCConfigurationList section */
	};
	rootObject = 1D349C2229C8A55B00516082 /* Project object */;
}
